// !$*UTF8*$!
{
	archiveVersion = 1;
	classes = {
	};
	objectVersion = 46;
	objects = {

/* Begin PBXBuildFile section */
		2D01A3381E241790009E2243 /* MainViewController.swift in Sources */ = {isa = PBXBuildFile; fileRef = 2D01A3371E241790009E2243 /* MainViewController.swift */; };
		2D13EEA41E36EC5B008265FF /* OutdoorAdventureLogo.png in Resources */ = {isa = PBXBuildFile; fileRef = 2D13EEA31E36EC5B008265FF /* OutdoorAdventureLogo.png */; };
		2D42AEC21E3991A50082EF50 /* OA_Climbing_Edit.png in Resources */ = {isa = PBXBuildFile; fileRef = 2D42AEC11E3991A50082EF50 /* OA_Climbing_Edit.png */; };
		2D4BF0921E255057001710AD /* Climbing Graphic.png in Resources */ = {isa = PBXBuildFile; fileRef = 2D4BF08C1E255057001710AD /* Climbing Graphic.png */; };
		2D4BF0931E255057001710AD /* ic_event.png in Resources */ = {isa = PBXBuildFile; fileRef = 2D4BF08D1E255057001710AD /* ic_event.png */; };
		2D4BF0941E255057001710AD /* ic_photo_library.png in Resources */ = {isa = PBXBuildFile; fileRef = 2D4BF08E1E255057001710AD /* ic_photo_library.png */; };
		2D4BF0951E255057001710AD /* information.png in Resources */ = {isa = PBXBuildFile; fileRef = 2D4BF08F1E255057001710AD /* information.png */; };
		2D4BF0961E255057001710AD /* menu.png in Resources */ = {isa = PBXBuildFile; fileRef = 2D4BF0901E255057001710AD /* menu.png */; };
		2D4BF0971E255057001710AD /* newspaper.png in Resources */ = {isa = PBXBuildFile; fileRef = 2D4BF0911E255057001710AD /* newspaper.png */; };
		2D4C8A9A1E29879C0004EE11 /* RockWallViewController.swift in Sources */ = {isa = PBXBuildFile; fileRef = 2D4C8A991E29879C0004EE11 /* RockWallViewController.swift */; };
		2D4C8A9C1E298C170004EE11 /* MyGalleryViewController.swift in Sources */ = {isa = PBXBuildFile; fileRef = 2D4C8A9B1E298C170004EE11 /* MyGalleryViewController.swift */; };
		2D5116E11E5D0BE900E68AB0 /* ZoomedPhotoUIViewController.swift in Sources */ = {isa = PBXBuildFile; fileRef = 2D5116E01E5D0BE900E68AB0 /* ZoomedPhotoUIViewController.swift */; };
		2D525BFA1E27211E00A06B25 /* TableViewCell_NewsTableViewCell.swift in Sources */ = {isa = PBXBuildFile; fileRef = 2D525BF91E27211E00A06B25 /* TableViewCell_NewsTableViewCell.swift */; };
		2D525BFF1E27299000A06B25 /* ic_launcher.png in Resources */ = {isa = PBXBuildFile; fileRef = 2D525BFC1E27299000A06B25 /* ic_launcher.png */; };
		2D525C001E27299000A06B25 /* background_1.jpg in Resources */ = {isa = PBXBuildFile; fileRef = 2D525BFD1E27299000A06B25 /* background_1.jpg */; };
		2D525C011E27299000A06B25 /* background_2.jpg in Resources */ = {isa = PBXBuildFile; fileRef = 2D525BFE1E27299000A06B25 /* background_2.jpg */; };
		2D5444A11E80B8E900367EAF /* MountainBackground_2_Edit.jpg in Resources */ = {isa = PBXBuildFile; fileRef = 2D5444A01E80B8E900367EAF /* MountainBackground_2_Edit.jpg */; };
		2D58ABCB1E400FF900924259 /* OutdoorAdventure.jpg in Resources */ = {isa = PBXBuildFile; fileRef = 2D58ABCA1E400FF900924259 /* OutdoorAdventure.jpg */; };
		2D58ABCD1E4010DC00924259 /* OutdoorAdventureWebBanner.jpg in Resources */ = {isa = PBXBuildFile; fileRef = 2D58ABCC1E4010DC00924259 /* OutdoorAdventureWebBanner.jpg */; };
		2D5BF3CA1E4D3726009856BE /* CarabinerLogo.png in Resources */ = {isa = PBXBuildFile; fileRef = 2D5BF3C91E4D3726009856BE /* CarabinerLogo.png */; };
		2D5CC60F1E3AA8A000196AD8 /* fadeImage.png in Resources */ = {isa = PBXBuildFile; fileRef = 2D5CC60E1E3AA8A000196AD8 /* fadeImage.png */; };
		2D6025891E4112C5008BFA5A /* CurrentlyClimbingViewController.swift in Sources */ = {isa = PBXBuildFile; fileRef = 2D6025881E4112C5008BFA5A /* CurrentlyClimbingViewController.swift */; };
		2D60258F1E418205008BFA5A /* CurrentlyClimbingCollectionViewCell.swift in Sources */ = {isa = PBXBuildFile; fileRef = 2D60258E1E418205008BFA5A /* CurrentlyClimbingCollectionViewCell.swift */; };
		2D6025931E42B956008BFA5A /* spaceTableViewCell.swift in Sources */ = {isa = PBXBuildFile; fileRef = 2D6025921E42B956008BFA5A /* spaceTableViewCell.swift */; };
		2D6066EF1E2C2797004A93B7 /* CalendarViewController.swift in Sources */ = {isa = PBXBuildFile; fileRef = 2D6066EE1E2C2797004A93B7 /* CalendarViewController.swift */; };
		2D6066F11E2C27AE004A93B7 /* InfoViewController.swift in Sources */ = {isa = PBXBuildFile; fileRef = 2D6066F01E2C27AE004A93B7 /* InfoViewController.swift */; };
		2D6175E71E78769E0062E6A1 /* 1.jpg in Resources */ = {isa = PBXBuildFile; fileRef = 2D6175DF1E78769E0062E6A1 /* 1.jpg */; };
		2D6175E81E78769E0062E6A1 /* 2.jpg in Resources */ = {isa = PBXBuildFile; fileRef = 2D6175E01E78769E0062E6A1 /* 2.jpg */; };
		2D6175E91E78769E0062E6A1 /* 3.jpg in Resources */ = {isa = PBXBuildFile; fileRef = 2D6175E11E78769E0062E6A1 /* 3.jpg */; };
		2D6175EA1E78769E0062E6A1 /* 4.jpg in Resources */ = {isa = PBXBuildFile; fileRef = 2D6175E21E78769E0062E6A1 /* 4.jpg */; };
		2D6175EB1E78769E0062E6A1 /* 5.jpg in Resources */ = {isa = PBXBuildFile; fileRef = 2D6175E31E78769E0062E6A1 /* 5.jpg */; };
		2D6175EC1E78769E0062E6A1 /* 6.jpg in Resources */ = {isa = PBXBuildFile; fileRef = 2D6175E41E78769E0062E6A1 /* 6.jpg */; };
		2D6175ED1E78769E0062E6A1 /* 7.jpg in Resources */ = {isa = PBXBuildFile; fileRef = 2D6175E51E78769E0062E6A1 /* 7.jpg */; };
		2D6175EE1E78769E0062E6A1 /* 8.jpg in Resources */ = {isa = PBXBuildFile; fileRef = 2D6175E61E78769E0062E6A1 /* 8.jpg */; };
		2D6175F01E7877820062E6A1 /* ProfileImagePickerViewController.swift in Sources */ = {isa = PBXBuildFile; fileRef = 2D6175EF1E7877820062E6A1 /* ProfileImagePickerViewController.swift */; };
		2D6175F21E78D4680062E6A1 /* CreateRouteViewController.swift in Sources */ = {isa = PBXBuildFile; fileRef = 2D6175F11E78D4680062E6A1 /* CreateRouteViewController.swift */; };
		2D66E3931E3D125700AF7D61 /* Yin_yang.png in Resources */ = {isa = PBXBuildFile; fileRef = 2D66E3921E3D125700AF7D61 /* Yin_yang.png */; };
		2D66E3951E3D125E00AF7D61 /* MoonAndStars.png in Resources */ = {isa = PBXBuildFile; fileRef = 2D66E3941E3D125E00AF7D61 /* MoonAndStars.png */; };
		2D66E3971E3D15E000AF7D61 /* ImageTransformer.swift in Sources */ = {isa = PBXBuildFile; fileRef = 2D66E3961E3D15E000AF7D61 /* ImageTransformer.swift */; };
		2D66E3991E3D81A000AF7D61 /* Camo_Overlay_Circle.png in Resources */ = {isa = PBXBuildFile; fileRef = 2D66E3981E3D81A000AF7D61 /* Camo_Overlay_Circle.png */; };
		2D67EBD51E6F8B9D0014FC36 /* Celtic_Knot_Edit_2.png in Resources */ = {isa = PBXBuildFile; fileRef = 2D67EBD41E6F8B9D0014FC36 /* Celtic_Knot_Edit_2.png */; };
		2D67EBD71E6F9B020014FC36 /* CreateProfileViewController.swift in Sources */ = {isa = PBXBuildFile; fileRef = 2D67EBD61E6F9B020014FC36 /* CreateProfileViewController.swift */; };
		2D69D1611E7EFD1500559FE4 /* TimePickerViewController.swift in Sources */ = {isa = PBXBuildFile; fileRef = 2D69D1601E7EFD1500559FE4 /* TimePickerViewController.swift */; };
		2D723C451E7E34BA006112C1 /* CVAuxiliaryView.swift in Sources */ = {isa = PBXBuildFile; fileRef = 2D723C201E7E34BA006112C1 /* CVAuxiliaryView.swift */; };
		2D723C461E7E34BA006112C1 /* CVCalendarContentViewController.swift in Sources */ = {isa = PBXBuildFile; fileRef = 2D723C211E7E34BA006112C1 /* CVCalendarContentViewController.swift */; };
		2D723C471E7E34BA006112C1 /* CVCalendarDayView.swift in Sources */ = {isa = PBXBuildFile; fileRef = 2D723C221E7E34BA006112C1 /* CVCalendarDayView.swift */; };
		2D723C481E7E34BA006112C1 /* CVCalendarDayViewControlCoordinator.swift in Sources */ = {isa = PBXBuildFile; fileRef = 2D723C231E7E34BA006112C1 /* CVCalendarDayViewControlCoordinator.swift */; };
		2D723C491E7E34BA006112C1 /* CVCalendarManager.swift in Sources */ = {isa = PBXBuildFile; fileRef = 2D723C241E7E34BA006112C1 /* CVCalendarManager.swift */; };
		2D723C4A1E7E34BA006112C1 /* CVCalendarMenuView.swift in Sources */ = {isa = PBXBuildFile; fileRef = 2D723C251E7E34BA006112C1 /* CVCalendarMenuView.swift */; };
		2D723C4B1E7E34BA006112C1 /* CVCalendarMenuViewDelegate.swift in Sources */ = {isa = PBXBuildFile; fileRef = 2D723C261E7E34BA006112C1 /* CVCalendarMenuViewDelegate.swift */; };
		2D723C4C1E7E34BA006112C1 /* CVCalendarMonthContentViewController.swift in Sources */ = {isa = PBXBuildFile; fileRef = 2D723C271E7E34BA006112C1 /* CVCalendarMonthContentViewController.swift */; };
		2D723C4D1E7E34BA006112C1 /* CVCalendarMonthView.swift in Sources */ = {isa = PBXBuildFile; fileRef = 2D723C281E7E34BA006112C1 /* CVCalendarMonthView.swift */; };
		2D723C4E1E7E34BA006112C1 /* CVCalendarTouchController.swift in Sources */ = {isa = PBXBuildFile; fileRef = 2D723C291E7E34BA006112C1 /* CVCalendarTouchController.swift */; };
		2D723C4F1E7E34BA006112C1 /* CVCalendarView.swift in Sources */ = {isa = PBXBuildFile; fileRef = 2D723C2A1E7E34BA006112C1 /* CVCalendarView.swift */; };
		2D723C501E7E34BA006112C1 /* CVCalendarViewAnimator.swift in Sources */ = {isa = PBXBuildFile; fileRef = 2D723C2B1E7E34BA006112C1 /* CVCalendarViewAnimator.swift */; };
		2D723C511E7E34BA006112C1 /* CVCalendarViewAnimatorDelegate.swift in Sources */ = {isa = PBXBuildFile; fileRef = 2D723C2C1E7E34BA006112C1 /* CVCalendarViewAnimatorDelegate.swift */; };
		2D723C521E7E34BA006112C1 /* CVCalendarViewAppearance.swift in Sources */ = {isa = PBXBuildFile; fileRef = 2D723C2D1E7E34BA006112C1 /* CVCalendarViewAppearance.swift */; };
		2D723C531E7E34BA006112C1 /* CVCalendarViewAppearanceDelegate.swift in Sources */ = {isa = PBXBuildFile; fileRef = 2D723C2E1E7E34BA006112C1 /* CVCalendarViewAppearanceDelegate.swift */; };
		2D723C541E7E34BA006112C1 /* CVCalendarViewDelegate.swift in Sources */ = {isa = PBXBuildFile; fileRef = 2D723C2F1E7E34BA006112C1 /* CVCalendarViewDelegate.swift */; };
		2D723C551E7E34BA006112C1 /* CVCalendarViewPresentationMode.swift in Sources */ = {isa = PBXBuildFile; fileRef = 2D723C301E7E34BA006112C1 /* CVCalendarViewPresentationMode.swift */; };
		2D723C561E7E34BA006112C1 /* CVCalendarWeekContentViewController.swift in Sources */ = {isa = PBXBuildFile; fileRef = 2D723C311E7E34BA006112C1 /* CVCalendarWeekContentViewController.swift */; };
		2D723C571E7E34BA006112C1 /* CVCalendarWeekday.swift in Sources */ = {isa = PBXBuildFile; fileRef = 2D723C321E7E34BA006112C1 /* CVCalendarWeekday.swift */; };
		2D723C581E7E34BA006112C1 /* CVCalendarWeekView.swift in Sources */ = {isa = PBXBuildFile; fileRef = 2D723C331E7E34BA006112C1 /* CVCalendarWeekView.swift */; };
		2D723C591E7E34BA006112C1 /* CVDate.swift in Sources */ = {isa = PBXBuildFile; fileRef = 2D723C341E7E34BA006112C1 /* CVDate.swift */; };
		2D723C5A1E7E34BA006112C1 /* CVPresent.swift in Sources */ = {isa = PBXBuildFile; fileRef = 2D723C351E7E34BA006112C1 /* CVPresent.swift */; };
		2D723C5B1E7E34BA006112C1 /* CVRange.swift in Sources */ = {isa = PBXBuildFile; fileRef = 2D723C361E7E34BA006112C1 /* CVRange.swift */; };
		2D723C5C1E7E34BA006112C1 /* CVScrollDirection.swift in Sources */ = {isa = PBXBuildFile; fileRef = 2D723C371E7E34BA006112C1 /* CVScrollDirection.swift */; };
		2D723C5D1E7E34BA006112C1 /* CVSelectionType.swift in Sources */ = {isa = PBXBuildFile; fileRef = 2D723C381E7E34BA006112C1 /* CVSelectionType.swift */; };
		2D723C5E1E7E34BA006112C1 /* CVSet.swift in Sources */ = {isa = PBXBuildFile; fileRef = 2D723C391E7E34BA006112C1 /* CVSet.swift */; };
		2D723C5F1E7E34BA006112C1 /* CVShape.swift in Sources */ = {isa = PBXBuildFile; fileRef = 2D723C3A1E7E34BA006112C1 /* CVShape.swift */; };
		2D723C601E7E34BA006112C1 /* CVStatus.swift in Sources */ = {isa = PBXBuildFile; fileRef = 2D723C3B1E7E34BA006112C1 /* CVStatus.swift */; };
		2D723C611E7E34BA006112C1 /* CVWeekdaySymbolType.swift in Sources */ = {isa = PBXBuildFile; fileRef = 2D723C3C1E7E34BA006112C1 /* CVWeekdaySymbolType.swift */; };
		2D723C621E7E34BA006112C1 /* CVCalendar.xcconfig in Resources */ = {isa = PBXBuildFile; fileRef = 2D723C3E1E7E34BA006112C1 /* CVCalendar.xcconfig */; };
		2D723C631E7E34BA006112C1 /* CVCalendar-dummy.m in Sources */ = {isa = PBXBuildFile; fileRef = 2D723C3F1E7E34BA006112C1 /* CVCalendar-dummy.m */; };
		2D723C641E7E34BA006112C1 /* Info.plist in Resources */ = {isa = PBXBuildFile; fileRef = 2D723C421E7E34BA006112C1 /* Info.plist */; };
		2D74C60B1E7740C70074CC64 /* AddButton.png in Resources */ = {isa = PBXBuildFile; fileRef = 2D74C60A1E7740C70074CC64 /* AddButton.png */; };
		2D77D46A1E3E9B8200B39C3E /* account-multiple.png in Resources */ = {isa = PBXBuildFile; fileRef = 2D77D4691E3E9B8200B39C3E /* account-multiple.png */; };
		2D77D46C1E3E9EB700B39C3E /* arrow-right-drop-circle (2).png in Resources */ = {isa = PBXBuildFile; fileRef = 2D77D46B1E3E9EB700B39C3E /* arrow-right-drop-circle (2).png */; };
		2D77D46E1E3E9EC200B39C3E /* arrow-left-drop-circle (2).png in Resources */ = {isa = PBXBuildFile; fileRef = 2D77D46D1E3E9EC200B39C3E /* arrow-left-drop-circle (2).png */; };
		2D98D8371E35892A00E525A7 /* ImageCollectionViewCell.swift in Sources */ = {isa = PBXBuildFile; fileRef = 2D98D8361E35892A00E525A7 /* ImageCollectionViewCell.swift */; };
		2D9C42F91E6242750096BF29 /* download.png in Resources */ = {isa = PBXBuildFile; fileRef = 2D9C42F81E6242750096BF29 /* download.png */; };
		2D9C42FB1E6242790096BF29 /* keyboard-backspace.png in Resources */ = {isa = PBXBuildFile; fileRef = 2D9C42FA1E6242790096BF29 /* keyboard-backspace.png */; };
		2DA2CA831E22D928003F0462 /* AppDelegate.swift in Sources */ = {isa = PBXBuildFile; fileRef = 2DA2CA821E22D928003F0462 /* AppDelegate.swift */; };
		2DA2CA851E22D928003F0462 /* ViewController.swift in Sources */ = {isa = PBXBuildFile; fileRef = 2DA2CA841E22D928003F0462 /* ViewController.swift */; };
		2DA2CA881E22D928003F0462 /* Main.storyboard in Resources */ = {isa = PBXBuildFile; fileRef = 2DA2CA861E22D928003F0462 /* Main.storyboard */; };
		2DA2CA8A1E22D928003F0462 /* Assets.xcassets in Resources */ = {isa = PBXBuildFile; fileRef = 2DA2CA891E22D928003F0462 /* Assets.xcassets */; };
		2DA2CA8D1E22D928003F0462 /* LaunchScreen.storyboard in Resources */ = {isa = PBXBuildFile; fileRef = 2DA2CA8B1E22D928003F0462 /* LaunchScreen.storyboard */; };
		2DA2CA981E22D928003F0462 /* OutdoorAdventureTests.swift in Sources */ = {isa = PBXBuildFile; fileRef = 2DA2CA971E22D928003F0462 /* OutdoorAdventureTests.swift */; };
		2DA2CAA31E22D928003F0462 /* OutdoorAdventureUITests.swift in Sources */ = {isa = PBXBuildFile; fileRef = 2DA2CAA21E22D928003F0462 /* OutdoorAdventureUITests.swift */; };
		2DA2CAB31E231018003F0462 /* OA_App_Background_Temp.jpg in Resources */ = {isa = PBXBuildFile; fileRef = 2DA2CAB21E231018003F0462 /* OA_App_Background_Temp.jpg */; };
		2DAF7EB61E7DA51500D3CB07 /* CreateNewsViewController.swift in Sources */ = {isa = PBXBuildFile; fileRef = 2DAF7EB51E7DA51500D3CB07 /* CreateNewsViewController.swift */; };
		2DF4E10B1E2EDD99009153EA /* routeTableViewCell.swift in Sources */ = {isa = PBXBuildFile; fileRef = 2DF4E10A1E2EDD99009153EA /* routeTableViewCell.swift */; };
		2DF4E10D1E2EE7EB009153EA /* calendarTableViewCell.swift in Sources */ = {isa = PBXBuildFile; fileRef = 2DF4E10C1E2EE7EB009153EA /* calendarTableViewCell.swift */; };
		BBCED5D0D23272049492367F /* Pods_OutdoorAdventure.framework in Frameworks */ = {isa = PBXBuildFile; fileRef = 1DBA8BCFC2AFBF90C9541DCE /* Pods_OutdoorAdventure.framework */; };
/* End PBXBuildFile section */

/* Begin PBXContainerItemProxy section */
		2DA2CA941E22D928003F0462 /* PBXContainerItemProxy */ = {
			isa = PBXContainerItemProxy;
			containerPortal = 2DA2CA771E22D928003F0462 /* Project object */;
			proxyType = 1;
			remoteGlobalIDString = 2DA2CA7E1E22D928003F0462;
			remoteInfo = OutdoorAdventure;
		};
		2DA2CA9F1E22D928003F0462 /* PBXContainerItemProxy */ = {
			isa = PBXContainerItemProxy;
			containerPortal = 2DA2CA771E22D928003F0462 /* Project object */;
			proxyType = 1;
			remoteGlobalIDString = 2DA2CA7E1E22D928003F0462;
			remoteInfo = OutdoorAdventure;
		};
/* End PBXContainerItemProxy section */

/* Begin PBXFileReference section */
		1DBA8BCFC2AFBF90C9541DCE /* Pods_OutdoorAdventure.framework */ = {isa = PBXFileReference; explicitFileType = wrapper.framework; includeInIndex = 0; path = Pods_OutdoorAdventure.framework; sourceTree = BUILT_PRODUCTS_DIR; };
		2A2A09851DDB7F6C4F58E0A1 /* Pods-OutdoorAdventure.release.xcconfig */ = {isa = PBXFileReference; includeInIndex = 1; lastKnownFileType = text.xcconfig; name = "Pods-OutdoorAdventure.release.xcconfig"; path = "Pods/Target Support Files/Pods-OutdoorAdventure/Pods-OutdoorAdventure.release.xcconfig"; sourceTree = "<group>"; };
		2D01A3371E241790009E2243 /* MainViewController.swift */ = {isa = PBXFileReference; fileEncoding = 4; lastKnownFileType = sourcecode.swift; path = MainViewController.swift; sourceTree = "<group>"; };
		2D13EEA31E36EC5B008265FF /* OutdoorAdventureLogo.png */ = {isa = PBXFileReference; lastKnownFileType = image.png; path = OutdoorAdventureLogo.png; sourceTree = "<group>"; };
		2D42AEC11E3991A50082EF50 /* OA_Climbing_Edit.png */ = {isa = PBXFileReference; lastKnownFileType = image.png; path = OA_Climbing_Edit.png; sourceTree = "<group>"; };
		2D4BF08C1E255057001710AD /* Climbing Graphic.png */ = {isa = PBXFileReference; lastKnownFileType = image.png; path = "Climbing Graphic.png"; sourceTree = "<group>"; };
		2D4BF08D1E255057001710AD /* ic_event.png */ = {isa = PBXFileReference; lastKnownFileType = image.png; path = ic_event.png; sourceTree = "<group>"; };
		2D4BF08E1E255057001710AD /* ic_photo_library.png */ = {isa = PBXFileReference; lastKnownFileType = image.png; path = ic_photo_library.png; sourceTree = "<group>"; };
		2D4BF08F1E255057001710AD /* information.png */ = {isa = PBXFileReference; lastKnownFileType = image.png; path = information.png; sourceTree = "<group>"; };
		2D4BF0901E255057001710AD /* menu.png */ = {isa = PBXFileReference; lastKnownFileType = image.png; path = menu.png; sourceTree = "<group>"; };
		2D4BF0911E255057001710AD /* newspaper.png */ = {isa = PBXFileReference; lastKnownFileType = image.png; path = newspaper.png; sourceTree = "<group>"; };
		2D4C8A991E29879C0004EE11 /* RockWallViewController.swift */ = {isa = PBXFileReference; fileEncoding = 4; lastKnownFileType = sourcecode.swift; path = RockWallViewController.swift; sourceTree = "<group>"; };
		2D4C8A9B1E298C170004EE11 /* MyGalleryViewController.swift */ = {isa = PBXFileReference; fileEncoding = 4; lastKnownFileType = sourcecode.swift; path = MyGalleryViewController.swift; sourceTree = "<group>"; };
		2D5116E01E5D0BE900E68AB0 /* ZoomedPhotoUIViewController.swift */ = {isa = PBXFileReference; fileEncoding = 4; lastKnownFileType = sourcecode.swift; path = ZoomedPhotoUIViewController.swift; sourceTree = "<group>"; };
		2D525BF91E27211E00A06B25 /* TableViewCell_NewsTableViewCell.swift */ = {isa = PBXFileReference; fileEncoding = 4; lastKnownFileType = sourcecode.swift; path = TableViewCell_NewsTableViewCell.swift; sourceTree = "<group>"; };
		2D525BFC1E27299000A06B25 /* ic_launcher.png */ = {isa = PBXFileReference; lastKnownFileType = image.png; path = ic_launcher.png; sourceTree = "<group>"; };
		2D525BFD1E27299000A06B25 /* background_1.jpg */ = {isa = PBXFileReference; lastKnownFileType = image.jpeg; path = background_1.jpg; sourceTree = "<group>"; };
		2D525BFE1E27299000A06B25 /* background_2.jpg */ = {isa = PBXFileReference; lastKnownFileType = image.jpeg; path = background_2.jpg; sourceTree = "<group>"; };
		2D5444A01E80B8E900367EAF /* MountainBackground_2_Edit.jpg */ = {isa = PBXFileReference; lastKnownFileType = image.jpeg; path = MountainBackground_2_Edit.jpg; sourceTree = "<group>"; };
		2D58ABCA1E400FF900924259 /* OutdoorAdventure.jpg */ = {isa = PBXFileReference; lastKnownFileType = image.jpeg; path = OutdoorAdventure.jpg; sourceTree = "<group>"; };
		2D58ABCC1E4010DC00924259 /* OutdoorAdventureWebBanner.jpg */ = {isa = PBXFileReference; lastKnownFileType = image.jpeg; path = OutdoorAdventureWebBanner.jpg; sourceTree = "<group>"; };
		2D5BF3C91E4D3726009856BE /* CarabinerLogo.png */ = {isa = PBXFileReference; lastKnownFileType = image.png; path = CarabinerLogo.png; sourceTree = "<group>"; };
		2D5CC60E1E3AA8A000196AD8 /* fadeImage.png */ = {isa = PBXFileReference; lastKnownFileType = image.png; path = fadeImage.png; sourceTree = "<group>"; };
		2D6025881E4112C5008BFA5A /* CurrentlyClimbingViewController.swift */ = {isa = PBXFileReference; fileEncoding = 4; lastKnownFileType = sourcecode.swift; path = CurrentlyClimbingViewController.swift; sourceTree = "<group>"; };
		2D60258E1E418205008BFA5A /* CurrentlyClimbingCollectionViewCell.swift */ = {isa = PBXFileReference; fileEncoding = 4; lastKnownFileType = sourcecode.swift; path = CurrentlyClimbingCollectionViewCell.swift; sourceTree = "<group>"; };
		2D6025921E42B956008BFA5A /* spaceTableViewCell.swift */ = {isa = PBXFileReference; fileEncoding = 4; lastKnownFileType = sourcecode.swift; path = spaceTableViewCell.swift; sourceTree = "<group>"; };
		2D6066EE1E2C2797004A93B7 /* CalendarViewController.swift */ = {isa = PBXFileReference; fileEncoding = 4; lastKnownFileType = sourcecode.swift; path = CalendarViewController.swift; sourceTree = "<group>"; };
		2D6066F01E2C27AE004A93B7 /* InfoViewController.swift */ = {isa = PBXFileReference; fileEncoding = 4; lastKnownFileType = sourcecode.swift; path = InfoViewController.swift; sourceTree = "<group>"; };
		2D6175DF1E78769E0062E6A1 /* 1.jpg */ = {isa = PBXFileReference; lastKnownFileType = image.jpeg; path = 1.jpg; sourceTree = "<group>"; };
		2D6175E01E78769E0062E6A1 /* 2.jpg */ = {isa = PBXFileReference; lastKnownFileType = image.jpeg; path = 2.jpg; sourceTree = "<group>"; };
		2D6175E11E78769E0062E6A1 /* 3.jpg */ = {isa = PBXFileReference; lastKnownFileType = image.jpeg; path = 3.jpg; sourceTree = "<group>"; };
		2D6175E21E78769E0062E6A1 /* 4.jpg */ = {isa = PBXFileReference; lastKnownFileType = image.jpeg; path = 4.jpg; sourceTree = "<group>"; };
		2D6175E31E78769E0062E6A1 /* 5.jpg */ = {isa = PBXFileReference; lastKnownFileType = image.jpeg; path = 5.jpg; sourceTree = "<group>"; };
		2D6175E41E78769E0062E6A1 /* 6.jpg */ = {isa = PBXFileReference; lastKnownFileType = image.jpeg; path = 6.jpg; sourceTree = "<group>"; };
		2D6175E51E78769E0062E6A1 /* 7.jpg */ = {isa = PBXFileReference; lastKnownFileType = image.jpeg; path = 7.jpg; sourceTree = "<group>"; };
		2D6175E61E78769E0062E6A1 /* 8.jpg */ = {isa = PBXFileReference; lastKnownFileType = image.jpeg; path = 8.jpg; sourceTree = "<group>"; };
		2D6175EF1E7877820062E6A1 /* ProfileImagePickerViewController.swift */ = {isa = PBXFileReference; fileEncoding = 4; lastKnownFileType = sourcecode.swift; path = ProfileImagePickerViewController.swift; sourceTree = "<group>"; };
		2D6175F11E78D4680062E6A1 /* CreateRouteViewController.swift */ = {isa = PBXFileReference; fileEncoding = 4; lastKnownFileType = sourcecode.swift; path = CreateRouteViewController.swift; sourceTree = "<group>"; };
		2D66E3921E3D125700AF7D61 /* Yin_yang.png */ = {isa = PBXFileReference; lastKnownFileType = image.png; path = Yin_yang.png; sourceTree = "<group>"; };
		2D66E3941E3D125E00AF7D61 /* MoonAndStars.png */ = {isa = PBXFileReference; lastKnownFileType = image.png; path = MoonAndStars.png; sourceTree = "<group>"; };
		2D66E3961E3D15E000AF7D61 /* ImageTransformer.swift */ = {isa = PBXFileReference; fileEncoding = 4; lastKnownFileType = sourcecode.swift; path = ImageTransformer.swift; sourceTree = "<group>"; };
		2D66E3981E3D81A000AF7D61 /* Camo_Overlay_Circle.png */ = {isa = PBXFileReference; lastKnownFileType = image.png; path = Camo_Overlay_Circle.png; sourceTree = "<group>"; };
		2D67EBD41E6F8B9D0014FC36 /* Celtic_Knot_Edit_2.png */ = {isa = PBXFileReference; lastKnownFileType = image.png; path = Celtic_Knot_Edit_2.png; sourceTree = "<group>"; };
		2D67EBD61E6F9B020014FC36 /* CreateProfileViewController.swift */ = {isa = PBXFileReference; fileEncoding = 4; lastKnownFileType = sourcecode.swift; path = CreateProfileViewController.swift; sourceTree = "<group>"; };
		2D69D1601E7EFD1500559FE4 /* TimePickerViewController.swift */ = {isa = PBXFileReference; fileEncoding = 4; lastKnownFileType = sourcecode.swift; path = TimePickerViewController.swift; sourceTree = "<group>"; };
		2D723C201E7E34BA006112C1 /* CVAuxiliaryView.swift */ = {isa = PBXFileReference; fileEncoding = 4; lastKnownFileType = sourcecode.swift; name = CVAuxiliaryView.swift; path = CVCalendar/CVAuxiliaryView.swift; sourceTree = "<group>"; };
		2D723C211E7E34BA006112C1 /* CVCalendarContentViewController.swift */ = {isa = PBXFileReference; fileEncoding = 4; lastKnownFileType = sourcecode.swift; name = CVCalendarContentViewController.swift; path = CVCalendar/CVCalendarContentViewController.swift; sourceTree = "<group>"; };
		2D723C221E7E34BA006112C1 /* CVCalendarDayView.swift */ = {isa = PBXFileReference; fileEncoding = 4; lastKnownFileType = sourcecode.swift; name = CVCalendarDayView.swift; path = CVCalendar/CVCalendarDayView.swift; sourceTree = "<group>"; };
		2D723C231E7E34BA006112C1 /* CVCalendarDayViewControlCoordinator.swift */ = {isa = PBXFileReference; fileEncoding = 4; lastKnownFileType = sourcecode.swift; name = CVCalendarDayViewControlCoordinator.swift; path = CVCalendar/CVCalendarDayViewControlCoordinator.swift; sourceTree = "<group>"; };
		2D723C241E7E34BA006112C1 /* CVCalendarManager.swift */ = {isa = PBXFileReference; fileEncoding = 4; lastKnownFileType = sourcecode.swift; name = CVCalendarManager.swift; path = CVCalendar/CVCalendarManager.swift; sourceTree = "<group>"; };
		2D723C251E7E34BA006112C1 /* CVCalendarMenuView.swift */ = {isa = PBXFileReference; fileEncoding = 4; lastKnownFileType = sourcecode.swift; name = CVCalendarMenuView.swift; path = CVCalendar/CVCalendarMenuView.swift; sourceTree = "<group>"; };
		2D723C261E7E34BA006112C1 /* CVCalendarMenuViewDelegate.swift */ = {isa = PBXFileReference; fileEncoding = 4; lastKnownFileType = sourcecode.swift; name = CVCalendarMenuViewDelegate.swift; path = CVCalendar/CVCalendarMenuViewDelegate.swift; sourceTree = "<group>"; };
		2D723C271E7E34BA006112C1 /* CVCalendarMonthContentViewController.swift */ = {isa = PBXFileReference; fileEncoding = 4; lastKnownFileType = sourcecode.swift; name = CVCalendarMonthContentViewController.swift; path = CVCalendar/CVCalendarMonthContentViewController.swift; sourceTree = "<group>"; };
		2D723C281E7E34BA006112C1 /* CVCalendarMonthView.swift */ = {isa = PBXFileReference; fileEncoding = 4; lastKnownFileType = sourcecode.swift; name = CVCalendarMonthView.swift; path = CVCalendar/CVCalendarMonthView.swift; sourceTree = "<group>"; };
		2D723C291E7E34BA006112C1 /* CVCalendarTouchController.swift */ = {isa = PBXFileReference; fileEncoding = 4; lastKnownFileType = sourcecode.swift; name = CVCalendarTouchController.swift; path = CVCalendar/CVCalendarTouchController.swift; sourceTree = "<group>"; };
		2D723C2A1E7E34BA006112C1 /* CVCalendarView.swift */ = {isa = PBXFileReference; fileEncoding = 4; lastKnownFileType = sourcecode.swift; name = CVCalendarView.swift; path = CVCalendar/CVCalendarView.swift; sourceTree = "<group>"; };
		2D723C2B1E7E34BA006112C1 /* CVCalendarViewAnimator.swift */ = {isa = PBXFileReference; fileEncoding = 4; lastKnownFileType = sourcecode.swift; name = CVCalendarViewAnimator.swift; path = CVCalendar/CVCalendarViewAnimator.swift; sourceTree = "<group>"; };
		2D723C2C1E7E34BA006112C1 /* CVCalendarViewAnimatorDelegate.swift */ = {isa = PBXFileReference; fileEncoding = 4; lastKnownFileType = sourcecode.swift; name = CVCalendarViewAnimatorDelegate.swift; path = CVCalendar/CVCalendarViewAnimatorDelegate.swift; sourceTree = "<group>"; };
		2D723C2D1E7E34BA006112C1 /* CVCalendarViewAppearance.swift */ = {isa = PBXFileReference; fileEncoding = 4; lastKnownFileType = sourcecode.swift; name = CVCalendarViewAppearance.swift; path = CVCalendar/CVCalendarViewAppearance.swift; sourceTree = "<group>"; };
		2D723C2E1E7E34BA006112C1 /* CVCalendarViewAppearanceDelegate.swift */ = {isa = PBXFileReference; fileEncoding = 4; lastKnownFileType = sourcecode.swift; name = CVCalendarViewAppearanceDelegate.swift; path = CVCalendar/CVCalendarViewAppearanceDelegate.swift; sourceTree = "<group>"; };
		2D723C2F1E7E34BA006112C1 /* CVCalendarViewDelegate.swift */ = {isa = PBXFileReference; fileEncoding = 4; lastKnownFileType = sourcecode.swift; name = CVCalendarViewDelegate.swift; path = CVCalendar/CVCalendarViewDelegate.swift; sourceTree = "<group>"; };
		2D723C301E7E34BA006112C1 /* CVCalendarViewPresentationMode.swift */ = {isa = PBXFileReference; fileEncoding = 4; lastKnownFileType = sourcecode.swift; name = CVCalendarViewPresentationMode.swift; path = CVCalendar/CVCalendarViewPresentationMode.swift; sourceTree = "<group>"; };
		2D723C311E7E34BA006112C1 /* CVCalendarWeekContentViewController.swift */ = {isa = PBXFileReference; fileEncoding = 4; lastKnownFileType = sourcecode.swift; name = CVCalendarWeekContentViewController.swift; path = CVCalendar/CVCalendarWeekContentViewController.swift; sourceTree = "<group>"; };
		2D723C321E7E34BA006112C1 /* CVCalendarWeekday.swift */ = {isa = PBXFileReference; fileEncoding = 4; lastKnownFileType = sourcecode.swift; name = CVCalendarWeekday.swift; path = CVCalendar/CVCalendarWeekday.swift; sourceTree = "<group>"; };
		2D723C331E7E34BA006112C1 /* CVCalendarWeekView.swift */ = {isa = PBXFileReference; fileEncoding = 4; lastKnownFileType = sourcecode.swift; name = CVCalendarWeekView.swift; path = CVCalendar/CVCalendarWeekView.swift; sourceTree = "<group>"; };
		2D723C341E7E34BA006112C1 /* CVDate.swift */ = {isa = PBXFileReference; fileEncoding = 4; lastKnownFileType = sourcecode.swift; name = CVDate.swift; path = CVCalendar/CVDate.swift; sourceTree = "<group>"; };
		2D723C351E7E34BA006112C1 /* CVPresent.swift */ = {isa = PBXFileReference; fileEncoding = 4; lastKnownFileType = sourcecode.swift; name = CVPresent.swift; path = CVCalendar/CVPresent.swift; sourceTree = "<group>"; };
		2D723C361E7E34BA006112C1 /* CVRange.swift */ = {isa = PBXFileReference; fileEncoding = 4; lastKnownFileType = sourcecode.swift; name = CVRange.swift; path = CVCalendar/CVRange.swift; sourceTree = "<group>"; };
		2D723C371E7E34BA006112C1 /* CVScrollDirection.swift */ = {isa = PBXFileReference; fileEncoding = 4; lastKnownFileType = sourcecode.swift; name = CVScrollDirection.swift; path = CVCalendar/CVScrollDirection.swift; sourceTree = "<group>"; };
		2D723C381E7E34BA006112C1 /* CVSelectionType.swift */ = {isa = PBXFileReference; fileEncoding = 4; lastKnownFileType = sourcecode.swift; name = CVSelectionType.swift; path = CVCalendar/CVSelectionType.swift; sourceTree = "<group>"; };
		2D723C391E7E34BA006112C1 /* CVSet.swift */ = {isa = PBXFileReference; fileEncoding = 4; lastKnownFileType = sourcecode.swift; name = CVSet.swift; path = CVCalendar/CVSet.swift; sourceTree = "<group>"; };
		2D723C3A1E7E34BA006112C1 /* CVShape.swift */ = {isa = PBXFileReference; fileEncoding = 4; lastKnownFileType = sourcecode.swift; name = CVShape.swift; path = CVCalendar/CVShape.swift; sourceTree = "<group>"; };
		2D723C3B1E7E34BA006112C1 /* CVStatus.swift */ = {isa = PBXFileReference; fileEncoding = 4; lastKnownFileType = sourcecode.swift; name = CVStatus.swift; path = CVCalendar/CVStatus.swift; sourceTree = "<group>"; };
		2D723C3C1E7E34BA006112C1 /* CVWeekdaySymbolType.swift */ = {isa = PBXFileReference; fileEncoding = 4; lastKnownFileType = sourcecode.swift; name = CVWeekdaySymbolType.swift; path = CVCalendar/CVWeekdaySymbolType.swift; sourceTree = "<group>"; };
		2D723C3D1E7E34BA006112C1 /* CVCalendar.modulemap */ = {isa = PBXFileReference; fileEncoding = 4; lastKnownFileType = "sourcecode.module-map"; path = CVCalendar.modulemap; sourceTree = "<group>"; };
		2D723C3E1E7E34BA006112C1 /* CVCalendar.xcconfig */ = {isa = PBXFileReference; fileEncoding = 4; lastKnownFileType = text.xcconfig; path = CVCalendar.xcconfig; sourceTree = "<group>"; };
		2D723C3F1E7E34BA006112C1 /* CVCalendar-dummy.m */ = {isa = PBXFileReference; fileEncoding = 4; lastKnownFileType = sourcecode.c.objc; path = "CVCalendar-dummy.m"; sourceTree = "<group>"; };
		2D723C401E7E34BA006112C1 /* CVCalendar-prefix.pch */ = {isa = PBXFileReference; fileEncoding = 4; lastKnownFileType = sourcecode.c.h; path = "CVCalendar-prefix.pch"; sourceTree = "<group>"; };
		2D723C411E7E34BA006112C1 /* CVCalendar-umbrella.h */ = {isa = PBXFileReference; fileEncoding = 4; lastKnownFileType = sourcecode.c.h; path = "CVCalendar-umbrella.h"; sourceTree = "<group>"; };
		2D723C421E7E34BA006112C1 /* Info.plist */ = {isa = PBXFileReference; fileEncoding = 4; lastKnownFileType = text.plist.xml; path = Info.plist; sourceTree = "<group>"; };
		2D74C60A1E7740C70074CC64 /* AddButton.png */ = {isa = PBXFileReference; lastKnownFileType = image.png; path = AddButton.png; sourceTree = "<group>"; };
		2D77D4691E3E9B8200B39C3E /* account-multiple.png */ = {isa = PBXFileReference; lastKnownFileType = image.png; path = "account-multiple.png"; sourceTree = "<group>"; };
		2D77D46B1E3E9EB700B39C3E /* arrow-right-drop-circle (2).png */ = {isa = PBXFileReference; lastKnownFileType = image.png; path = "arrow-right-drop-circle (2).png"; sourceTree = "<group>"; };
		2D77D46D1E3E9EC200B39C3E /* arrow-left-drop-circle (2).png */ = {isa = PBXFileReference; lastKnownFileType = image.png; path = "arrow-left-drop-circle (2).png"; sourceTree = "<group>"; };
		2D98D8361E35892A00E525A7 /* ImageCollectionViewCell.swift */ = {isa = PBXFileReference; fileEncoding = 4; lastKnownFileType = sourcecode.swift; path = ImageCollectionViewCell.swift; sourceTree = "<group>"; };
		2D9C42F81E6242750096BF29 /* download.png */ = {isa = PBXFileReference; lastKnownFileType = image.png; path = download.png; sourceTree = "<group>"; };
		2D9C42FA1E6242790096BF29 /* keyboard-backspace.png */ = {isa = PBXFileReference; lastKnownFileType = image.png; path = "keyboard-backspace.png"; sourceTree = "<group>"; };
		2DA2CA7F1E22D928003F0462 /* OutdoorAdventure.app */ = {isa = PBXFileReference; explicitFileType = wrapper.application; includeInIndex = 0; path = OutdoorAdventure.app; sourceTree = BUILT_PRODUCTS_DIR; };
		2DA2CA821E22D928003F0462 /* AppDelegate.swift */ = {isa = PBXFileReference; lastKnownFileType = sourcecode.swift; path = AppDelegate.swift; sourceTree = "<group>"; };
		2DA2CA841E22D928003F0462 /* ViewController.swift */ = {isa = PBXFileReference; lastKnownFileType = sourcecode.swift; path = ViewController.swift; sourceTree = "<group>"; };
		2DA2CA871E22D928003F0462 /* Base */ = {isa = PBXFileReference; lastKnownFileType = file.storyboard; name = Base; path = Base.lproj/Main.storyboard; sourceTree = "<group>"; };
		2DA2CA891E22D928003F0462 /* Assets.xcassets */ = {isa = PBXFileReference; lastKnownFileType = folder.assetcatalog; path = Assets.xcassets; sourceTree = "<group>"; };
		2DA2CA8C1E22D928003F0462 /* Base */ = {isa = PBXFileReference; lastKnownFileType = file.storyboard; name = Base; path = Base.lproj/LaunchScreen.storyboard; sourceTree = "<group>"; };
		2DA2CA8E1E22D928003F0462 /* Info.plist */ = {isa = PBXFileReference; lastKnownFileType = text.plist.xml; path = Info.plist; sourceTree = "<group>"; };
		2DA2CA931E22D928003F0462 /* OutdoorAdventureTests.xctest */ = {isa = PBXFileReference; explicitFileType = wrapper.cfbundle; includeInIndex = 0; path = OutdoorAdventureTests.xctest; sourceTree = BUILT_PRODUCTS_DIR; };
		2DA2CA971E22D928003F0462 /* OutdoorAdventureTests.swift */ = {isa = PBXFileReference; lastKnownFileType = sourcecode.swift; path = OutdoorAdventureTests.swift; sourceTree = "<group>"; };
		2DA2CA991E22D928003F0462 /* Info.plist */ = {isa = PBXFileReference; lastKnownFileType = text.plist.xml; path = Info.plist; sourceTree = "<group>"; };
		2DA2CA9E1E22D928003F0462 /* OutdoorAdventureUITests.xctest */ = {isa = PBXFileReference; explicitFileType = wrapper.cfbundle; includeInIndex = 0; path = OutdoorAdventureUITests.xctest; sourceTree = BUILT_PRODUCTS_DIR; };
		2DA2CAA21E22D928003F0462 /* OutdoorAdventureUITests.swift */ = {isa = PBXFileReference; lastKnownFileType = sourcecode.swift; path = OutdoorAdventureUITests.swift; sourceTree = "<group>"; };
		2DA2CAA41E22D928003F0462 /* Info.plist */ = {isa = PBXFileReference; lastKnownFileType = text.plist.xml; path = Info.plist; sourceTree = "<group>"; };
		2DA2CAB21E231018003F0462 /* OA_App_Background_Temp.jpg */ = {isa = PBXFileReference; lastKnownFileType = image.jpeg; path = OA_App_Background_Temp.jpg; sourceTree = "<group>"; };
		2DAF7EB51E7DA51500D3CB07 /* CreateNewsViewController.swift */ = {isa = PBXFileReference; fileEncoding = 4; lastKnownFileType = sourcecode.swift; path = CreateNewsViewController.swift; sourceTree = "<group>"; };
		2DF4E10A1E2EDD99009153EA /* routeTableViewCell.swift */ = {isa = PBXFileReference; fileEncoding = 4; lastKnownFileType = sourcecode.swift; path = routeTableViewCell.swift; sourceTree = "<group>"; };
		2DF4E10C1E2EE7EB009153EA /* calendarTableViewCell.swift */ = {isa = PBXFileReference; fileEncoding = 4; lastKnownFileType = sourcecode.swift; path = calendarTableViewCell.swift; sourceTree = "<group>"; };
		36A37E8819D1768C31B8CA26 /* Pods_OutdoorAdventureUITests.framework */ = {isa = PBXFileReference; explicitFileType = wrapper.framework; includeInIndex = 0; path = Pods_OutdoorAdventureUITests.framework; sourceTree = BUILT_PRODUCTS_DIR; };
		AFC1A372EE437B1BFC8F9B4E /* Pods-OutdoorAdventure.debug.xcconfig */ = {isa = PBXFileReference; includeInIndex = 1; lastKnownFileType = text.xcconfig; name = "Pods-OutdoorAdventure.debug.xcconfig"; path = "Pods/Target Support Files/Pods-OutdoorAdventure/Pods-OutdoorAdventure.debug.xcconfig"; sourceTree = "<group>"; };
		FFB4CAB63AE0C0300E412056 /* Pods_OutdoorAdventureTests.framework */ = {isa = PBXFileReference; explicitFileType = wrapper.framework; includeInIndex = 0; path = Pods_OutdoorAdventureTests.framework; sourceTree = BUILT_PRODUCTS_DIR; };
/* End PBXFileReference section */

/* Begin PBXFrameworksBuildPhase section */
		2DA2CA7C1E22D928003F0462 /* Frameworks */ = {
			isa = PBXFrameworksBuildPhase;
			buildActionMask = 2147483647;
			files = (
				BBCED5D0D23272049492367F /* Pods_OutdoorAdventure.framework in Frameworks */,
			);
			runOnlyForDeploymentPostprocessing = 0;
		};
		2DA2CA901E22D928003F0462 /* Frameworks */ = {
			isa = PBXFrameworksBuildPhase;
			buildActionMask = 2147483647;
			files = (
			);
			runOnlyForDeploymentPostprocessing = 0;
		};
		2DA2CA9B1E22D928003F0462 /* Frameworks */ = {
			isa = PBXFrameworksBuildPhase;
			buildActionMask = 2147483647;
			files = (
			);
			runOnlyForDeploymentPostprocessing = 0;
		};
/* End PBXFrameworksBuildPhase section */

/* Begin PBXGroup section */
		2D4BF08B1E255042001710AD /* Icons */ = {
			isa = PBXGroup;
			children = (
				2D5BF3C91E4D3726009856BE /* CarabinerLogo.png */,
				2D9C42F81E6242750096BF29 /* download.png */,
				2D9C42FA1E6242790096BF29 /* keyboard-backspace.png */,
				2D77D46B1E3E9EB700B39C3E /* arrow-right-drop-circle (2).png */,
				2D77D46D1E3E9EC200B39C3E /* arrow-left-drop-circle (2).png */,
				2D77D4691E3E9B8200B39C3E /* account-multiple.png */,
				2D4BF08C1E255057001710AD /* Climbing Graphic.png */,
				2D4BF08D1E255057001710AD /* ic_event.png */,
				2D4BF08E1E255057001710AD /* ic_photo_library.png */,
				2D4BF08F1E255057001710AD /* information.png */,
				2D4BF0901E255057001710AD /* menu.png */,
				2D4BF0911E255057001710AD /* newspaper.png */,
				2D74C60A1E7740C70074CC64 /* AddButton.png */,
			);
			name = Icons;
			sourceTree = "<group>";
		};
		2D525BFB1E27218900A06B25 /* Cells */ = {
			isa = PBXGroup;
			children = (
				2D525BF91E27211E00A06B25 /* TableViewCell_NewsTableViewCell.swift */,
				2DF4E10A1E2EDD99009153EA /* routeTableViewCell.swift */,
				2DF4E10C1E2EE7EB009153EA /* calendarTableViewCell.swift */,
				2D98D8361E35892A00E525A7 /* ImageCollectionViewCell.swift */,
				2D60258E1E418205008BFA5A /* CurrentlyClimbingCollectionViewCell.swift */,
				2D6025921E42B956008BFA5A /* spaceTableViewCell.swift */,
			);
			name = Cells;
			sourceTree = "<group>";
		};
		2D6025871E41126D008BFA5A /* ViewControllers */ = {
			isa = PBXGroup;
			children = (
				2DA2CA841E22D928003F0462 /* ViewController.swift */,
				2D4C8A9B1E298C170004EE11 /* MyGalleryViewController.swift */,
				2D4C8A991E29879C0004EE11 /* RockWallViewController.swift */,
				2D01A3371E241790009E2243 /* MainViewController.swift */,
				2D6066EE1E2C2797004A93B7 /* CalendarViewController.swift */,
				2D6025881E4112C5008BFA5A /* CurrentlyClimbingViewController.swift */,
				2D6066F01E2C27AE004A93B7 /* InfoViewController.swift */,
				2D5116E01E5D0BE900E68AB0 /* ZoomedPhotoUIViewController.swift */,
				2D67EBD61E6F9B020014FC36 /* CreateProfileViewController.swift */,
				2D6175EF1E7877820062E6A1 /* ProfileImagePickerViewController.swift */,
				2D6175F11E78D4680062E6A1 /* CreateRouteViewController.swift */,
				2DAF7EB51E7DA51500D3CB07 /* CreateNewsViewController.swift */,
				2D69D1601E7EFD1500559FE4 /* TimePickerViewController.swift */,
			);
			name = ViewControllers;
			sourceTree = "<group>";
		};
		2D6175DE1E78764F0062E6A1 /* ProfileImages */ = {
			isa = PBXGroup;
			children = (
				2D6175DF1E78769E0062E6A1 /* 1.jpg */,
				2D6175E01E78769E0062E6A1 /* 2.jpg */,
				2D6175E11E78769E0062E6A1 /* 3.jpg */,
				2D6175E21E78769E0062E6A1 /* 4.jpg */,
				2D6175E31E78769E0062E6A1 /* 5.jpg */,
				2D6175E41E78769E0062E6A1 /* 6.jpg */,
				2D6175E51E78769E0062E6A1 /* 7.jpg */,
				2D6175E61E78769E0062E6A1 /* 8.jpg */,
			);
			name = ProfileImages;
			sourceTree = "<group>";
		};
		2D66E38D1E3D123A00AF7D61 /* TapeDesigns */ = {
			isa = PBXGroup;
			children = (
				2D66E3921E3D125700AF7D61 /* Yin_yang.png */,
				2D67EBD41E6F8B9D0014FC36 /* Celtic_Knot_Edit_2.png */,
				2D66E3941E3D125E00AF7D61 /* MoonAndStars.png */,
				2D66E3981E3D81A000AF7D61 /* Camo_Overlay_Circle.png */,
			);
			name = TapeDesigns;
			sourceTree = "<group>";
		};
		2D723C431E7E34BA006112C1 /* Support Files */ = {
			isa = PBXGroup;
			children = (
				2D723C3D1E7E34BA006112C1 /* CVCalendar.modulemap */,
				2D723C3E1E7E34BA006112C1 /* CVCalendar.xcconfig */,
				2D723C3F1E7E34BA006112C1 /* CVCalendar-dummy.m */,
				2D723C401E7E34BA006112C1 /* CVCalendar-prefix.pch */,
				2D723C411E7E34BA006112C1 /* CVCalendar-umbrella.h */,
				2D723C421E7E34BA006112C1 /* Info.plist */,
			);
			name = "Support Files";
			path = "../Target Support Files/CVCalendar";
			sourceTree = "<group>";
		};
		2D723C441E7E34BA006112C1 /* CVCalendar */ = {
			isa = PBXGroup;
			children = (
				2D723C201E7E34BA006112C1 /* CVAuxiliaryView.swift */,
				2D723C211E7E34BA006112C1 /* CVCalendarContentViewController.swift */,
				2D723C221E7E34BA006112C1 /* CVCalendarDayView.swift */,
				2D723C231E7E34BA006112C1 /* CVCalendarDayViewControlCoordinator.swift */,
				2D723C241E7E34BA006112C1 /* CVCalendarManager.swift */,
				2D723C251E7E34BA006112C1 /* CVCalendarMenuView.swift */,
				2D723C261E7E34BA006112C1 /* CVCalendarMenuViewDelegate.swift */,
				2D723C271E7E34BA006112C1 /* CVCalendarMonthContentViewController.swift */,
				2D723C281E7E34BA006112C1 /* CVCalendarMonthView.swift */,
				2D723C291E7E34BA006112C1 /* CVCalendarTouchController.swift */,
				2D723C2A1E7E34BA006112C1 /* CVCalendarView.swift */,
				2D723C2B1E7E34BA006112C1 /* CVCalendarViewAnimator.swift */,
				2D723C2C1E7E34BA006112C1 /* CVCalendarViewAnimatorDelegate.swift */,
				2D723C2D1E7E34BA006112C1 /* CVCalendarViewAppearance.swift */,
				2D723C2E1E7E34BA006112C1 /* CVCalendarViewAppearanceDelegate.swift */,
				2D723C2F1E7E34BA006112C1 /* CVCalendarViewDelegate.swift */,
				2D723C301E7E34BA006112C1 /* CVCalendarViewPresentationMode.swift */,
				2D723C311E7E34BA006112C1 /* CVCalendarWeekContentViewController.swift */,
				2D723C321E7E34BA006112C1 /* CVCalendarWeekday.swift */,
				2D723C331E7E34BA006112C1 /* CVCalendarWeekView.swift */,
				2D723C341E7E34BA006112C1 /* CVDate.swift */,
				2D723C351E7E34BA006112C1 /* CVPresent.swift */,
				2D723C361E7E34BA006112C1 /* CVRange.swift */,
				2D723C371E7E34BA006112C1 /* CVScrollDirection.swift */,
				2D723C381E7E34BA006112C1 /* CVSelectionType.swift */,
				2D723C391E7E34BA006112C1 /* CVSet.swift */,
				2D723C3A1E7E34BA006112C1 /* CVShape.swift */,
				2D723C3B1E7E34BA006112C1 /* CVStatus.swift */,
				2D723C3C1E7E34BA006112C1 /* CVWeekdaySymbolType.swift */,
				2D723C431E7E34BA006112C1 /* Support Files */,
			);
			name = CVCalendar;
			path = ../Pods/CVCalendar;
			sourceTree = "<group>";
		};
		2DA2CA761E22D928003F0462 = {
			isa = PBXGroup;
			children = (
				2DA2CA811E22D928003F0462 /* OutdoorAdventure */,
				2DA2CA961E22D928003F0462 /* OutdoorAdventureTests */,
				2DA2CAA11E22D928003F0462 /* OutdoorAdventureUITests */,
				2DA2CA801E22D928003F0462 /* Products */,
				AE051D26B2194D5E1F67613A /* Pods */,
				6A5F60E20254A890DCBC6DC3 /* Frameworks */,
			);
			sourceTree = "<group>";
		};
		2DA2CA801E22D928003F0462 /* Products */ = {
			isa = PBXGroup;
			children = (
				2DA2CA7F1E22D928003F0462 /* OutdoorAdventure.app */,
				2DA2CA931E22D928003F0462 /* OutdoorAdventureTests.xctest */,
				2DA2CA9E1E22D928003F0462 /* OutdoorAdventureUITests.xctest */,
			);
			name = Products;
			sourceTree = "<group>";
		};
		2DA2CA811E22D928003F0462 /* OutdoorAdventure */ = {
			isa = PBXGroup;
			children = (
				2D6025871E41126D008BFA5A /* ViewControllers */,
				2D525BFB1E27218900A06B25 /* Cells */,
				2DA2CAB11E230FF9003F0462 /* Pictures */,
				2D723C441E7E34BA006112C1 /* CVCalendar */,
				2DA2CA821E22D928003F0462 /* AppDelegate.swift */,
				2D66E3961E3D15E000AF7D61 /* ImageTransformer.swift */,
				2DA2CA861E22D928003F0462 /* Main.storyboard */,
				2DA2CA891E22D928003F0462 /* Assets.xcassets */,
				2DA2CA8B1E22D928003F0462 /* LaunchScreen.storyboard */,
				2DA2CA8E1E22D928003F0462 /* Info.plist */,
			);
			path = OutdoorAdventure;
			sourceTree = "<group>";
		};
		2DA2CA961E22D928003F0462 /* OutdoorAdventureTests */ = {
			isa = PBXGroup;
			children = (
				2DA2CA971E22D928003F0462 /* OutdoorAdventureTests.swift */,
				2DA2CA991E22D928003F0462 /* Info.plist */,
			);
			path = OutdoorAdventureTests;
			sourceTree = "<group>";
		};
		2DA2CAA11E22D928003F0462 /* OutdoorAdventureUITests */ = {
			isa = PBXGroup;
			children = (
				2DA2CAA21E22D928003F0462 /* OutdoorAdventureUITests.swift */,
				2DA2CAA41E22D928003F0462 /* Info.plist */,
			);
			path = OutdoorAdventureUITests;
			sourceTree = "<group>";
		};
		2DA2CAB11E230FF9003F0462 /* Pictures */ = {
			isa = PBXGroup;
			children = (
				2D6175DE1E78764F0062E6A1 /* ProfileImages */,
				2D66E38D1E3D123A00AF7D61 /* TapeDesigns */,
				2D5444A01E80B8E900367EAF /* MountainBackground_2_Edit.jpg */,
				2D58ABCC1E4010DC00924259 /* OutdoorAdventureWebBanner.jpg */,
				2D13EEA31E36EC5B008265FF /* OutdoorAdventureLogo.png */,
				2D525BFC1E27299000A06B25 /* ic_launcher.png */,
				2D58ABCA1E400FF900924259 /* OutdoorAdventure.jpg */,
				2D525BFD1E27299000A06B25 /* background_1.jpg */,
				2D525BFE1E27299000A06B25 /* background_2.jpg */,
				2D42AEC11E3991A50082EF50 /* OA_Climbing_Edit.png */,
				2D5CC60E1E3AA8A000196AD8 /* fadeImage.png */,
				2DA2CAB21E231018003F0462 /* OA_App_Background_Temp.jpg */,
				2D4BF08B1E255042001710AD /* Icons */,
			);
			name = Pictures;
			sourceTree = "<group>";
		};
		6A5F60E20254A890DCBC6DC3 /* Frameworks */ = {
			isa = PBXGroup;
			children = (
				1DBA8BCFC2AFBF90C9541DCE /* Pods_OutdoorAdventure.framework */,
				FFB4CAB63AE0C0300E412056 /* Pods_OutdoorAdventureTests.framework */,
				36A37E8819D1768C31B8CA26 /* Pods_OutdoorAdventureUITests.framework */,
			);
			name = Frameworks;
			sourceTree = "<group>";
		};
		AE051D26B2194D5E1F67613A /* Pods */ = {
			isa = PBXGroup;
			children = (
				AFC1A372EE437B1BFC8F9B4E /* Pods-OutdoorAdventure.debug.xcconfig */,
				2A2A09851DDB7F6C4F58E0A1 /* Pods-OutdoorAdventure.release.xcconfig */,
			);
			name = Pods;
			sourceTree = "<group>";
		};
/* End PBXGroup section */

/* Begin PBXNativeTarget section */
		2DA2CA7E1E22D928003F0462 /* OutdoorAdventure */ = {
			isa = PBXNativeTarget;
			buildConfigurationList = 2DA2CAA71E22D928003F0462 /* Build configuration list for PBXNativeTarget "OutdoorAdventure" */;
			buildPhases = (
				81FCCD826248C641C1D28870 /* [CP] Check Pods Manifest.lock */,
				2DA2CA7B1E22D928003F0462 /* Sources */,
				2DA2CA7C1E22D928003F0462 /* Frameworks */,
				2DA2CA7D1E22D928003F0462 /* Resources */,
				1DD314BB033897E1BF356918 /* [CP] Embed Pods Frameworks */,
				7F8349A18E12444385782174 /* [CP] Copy Pods Resources */,
			);
			buildRules = (
			);
			dependencies = (
			);
			name = OutdoorAdventure;
			productName = OutdoorAdventure;
			productReference = 2DA2CA7F1E22D928003F0462 /* OutdoorAdventure.app */;
			productType = "com.apple.product-type.application";
		};
		2DA2CA921E22D928003F0462 /* OutdoorAdventureTests */ = {
			isa = PBXNativeTarget;
			buildConfigurationList = 2DA2CAAA1E22D928003F0462 /* Build configuration list for PBXNativeTarget "OutdoorAdventureTests" */;
			buildPhases = (
				2DA2CA8F1E22D928003F0462 /* Sources */,
				2DA2CA901E22D928003F0462 /* Frameworks */,
				2DA2CA911E22D928003F0462 /* Resources */,
			);
			buildRules = (
			);
			dependencies = (
				2DA2CA951E22D928003F0462 /* PBXTargetDependency */,
			);
			name = OutdoorAdventureTests;
			productName = OutdoorAdventureTests;
			productReference = 2DA2CA931E22D928003F0462 /* OutdoorAdventureTests.xctest */;
			productType = "com.apple.product-type.bundle.unit-test";
		};
		2DA2CA9D1E22D928003F0462 /* OutdoorAdventureUITests */ = {
			isa = PBXNativeTarget;
			buildConfigurationList = 2DA2CAAD1E22D928003F0462 /* Build configuration list for PBXNativeTarget "OutdoorAdventureUITests" */;
			buildPhases = (
				2DA2CA9A1E22D928003F0462 /* Sources */,
				2DA2CA9B1E22D928003F0462 /* Frameworks */,
				2DA2CA9C1E22D928003F0462 /* Resources */,
			);
			buildRules = (
			);
			dependencies = (
				2DA2CAA01E22D928003F0462 /* PBXTargetDependency */,
			);
			name = OutdoorAdventureUITests;
			productName = OutdoorAdventureUITests;
			productReference = 2DA2CA9E1E22D928003F0462 /* OutdoorAdventureUITests.xctest */;
			productType = "com.apple.product-type.bundle.ui-testing";
		};
/* End PBXNativeTarget section */

/* Begin PBXProject section */
		2DA2CA771E22D928003F0462 /* Project object */ = {
			isa = PBXProject;
			attributes = {
				LastSwiftUpdateCheck = 0820;
				LastUpgradeCheck = 0820;
				ORGANIZATIONNAME = "Ryan Lee";
				TargetAttributes = {
					2DA2CA7E1E22D928003F0462 = {
						CreatedOnToolsVersion = 8.2.1;
						ProvisioningStyle = Automatic;
					};
					2DA2CA921E22D928003F0462 = {
						CreatedOnToolsVersion = 8.2.1;
						ProvisioningStyle = Automatic;
						TestTargetID = 2DA2CA7E1E22D928003F0462;
					};
					2DA2CA9D1E22D928003F0462 = {
						CreatedOnToolsVersion = 8.2.1;
						ProvisioningStyle = Automatic;
						TestTargetID = 2DA2CA7E1E22D928003F0462;
					};
				};
			};
			buildConfigurationList = 2DA2CA7A1E22D928003F0462 /* Build configuration list for PBXProject "OutdoorAdventure" */;
			compatibilityVersion = "Xcode 3.2";
			developmentRegion = English;
			hasScannedForEncodings = 0;
			knownRegions = (
				en,
				Base,
			);
			mainGroup = 2DA2CA761E22D928003F0462;
			productRefGroup = 2DA2CA801E22D928003F0462 /* Products */;
			projectDirPath = "";
			projectRoot = "";
			targets = (
				2DA2CA7E1E22D928003F0462 /* OutdoorAdventure */,
				2DA2CA921E22D928003F0462 /* OutdoorAdventureTests */,
				2DA2CA9D1E22D928003F0462 /* OutdoorAdventureUITests */,
			);
		};
/* End PBXProject section */

/* Begin PBXResourcesBuildPhase section */
		2DA2CA7D1E22D928003F0462 /* Resources */ = {
			isa = PBXResourcesBuildPhase;
			buildActionMask = 2147483647;
			files = (
				2D6175E81E78769E0062E6A1 /* 2.jpg in Resources */,
				2D4BF0951E255057001710AD /* information.png in Resources */,
				2D74C60B1E7740C70074CC64 /* AddButton.png in Resources */,
				2D5BF3CA1E4D3726009856BE /* CarabinerLogo.png in Resources */,
				2DA2CA8D1E22D928003F0462 /* LaunchScreen.storyboard in Resources */,
				2D723C621E7E34BA006112C1 /* CVCalendar.xcconfig in Resources */,
				2D525C011E27299000A06B25 /* background_2.jpg in Resources */,
				2D6175E71E78769E0062E6A1 /* 1.jpg in Resources */,
				2D66E3991E3D81A000AF7D61 /* Camo_Overlay_Circle.png in Resources */,
				2D6175EA1E78769E0062E6A1 /* 4.jpg in Resources */,
				2D58ABCB1E400FF900924259 /* OutdoorAdventure.jpg in Resources */,
				2D67EBD51E6F8B9D0014FC36 /* Celtic_Knot_Edit_2.png in Resources */,
				2D6175ED1E78769E0062E6A1 /* 7.jpg in Resources */,
				2D5444A11E80B8E900367EAF /* MountainBackground_2_Edit.jpg in Resources */,
				2D5CC60F1E3AA8A000196AD8 /* fadeImage.png in Resources */,
				2D4BF0961E255057001710AD /* menu.png in Resources */,
				2D6175EC1E78769E0062E6A1 /* 6.jpg in Resources */,
				2D525C001E27299000A06B25 /* background_1.jpg in Resources */,
				2D77D46A1E3E9B8200B39C3E /* account-multiple.png in Resources */,
				2D4BF0921E255057001710AD /* Climbing Graphic.png in Resources */,
				2D6175EE1E78769E0062E6A1 /* 8.jpg in Resources */,
				2D4BF0931E255057001710AD /* ic_event.png in Resources */,
				2D42AEC21E3991A50082EF50 /* OA_Climbing_Edit.png in Resources */,
				2D4BF0971E255057001710AD /* newspaper.png in Resources */,
				2D6175EB1E78769E0062E6A1 /* 5.jpg in Resources */,
				2D4BF0941E255057001710AD /* ic_photo_library.png in Resources */,
				2D66E3931E3D125700AF7D61 /* Yin_yang.png in Resources */,
				2D9C42FB1E6242790096BF29 /* keyboard-backspace.png in Resources */,
				2D6175E91E78769E0062E6A1 /* 3.jpg in Resources */,
				2D13EEA41E36EC5B008265FF /* OutdoorAdventureLogo.png in Resources */,
				2D525BFF1E27299000A06B25 /* ic_launcher.png in Resources */,
				2D77D46E1E3E9EC200B39C3E /* arrow-left-drop-circle (2).png in Resources */,
				2D58ABCD1E4010DC00924259 /* OutdoorAdventureWebBanner.jpg in Resources */,
				2D9C42F91E6242750096BF29 /* download.png in Resources */,
				2DA2CAB31E231018003F0462 /* OA_App_Background_Temp.jpg in Resources */,
				2DA2CA8A1E22D928003F0462 /* Assets.xcassets in Resources */,
				2D66E3951E3D125E00AF7D61 /* MoonAndStars.png in Resources */,
				2DA2CA881E22D928003F0462 /* Main.storyboard in Resources */,
				2D77D46C1E3E9EB700B39C3E /* arrow-right-drop-circle (2).png in Resources */,
				2D723C641E7E34BA006112C1 /* Info.plist in Resources */,
			);
			runOnlyForDeploymentPostprocessing = 0;
		};
		2DA2CA911E22D928003F0462 /* Resources */ = {
			isa = PBXResourcesBuildPhase;
			buildActionMask = 2147483647;
			files = (
			);
			runOnlyForDeploymentPostprocessing = 0;
		};
		2DA2CA9C1E22D928003F0462 /* Resources */ = {
			isa = PBXResourcesBuildPhase;
			buildActionMask = 2147483647;
			files = (
			);
			runOnlyForDeploymentPostprocessing = 0;
		};
/* End PBXResourcesBuildPhase section */

/* Begin PBXShellScriptBuildPhase section */
		1DD314BB033897E1BF356918 /* [CP] Embed Pods Frameworks */ = {
			isa = PBXShellScriptBuildPhase;
			buildActionMask = 2147483647;
			files = (
			);
			inputPaths = (
			);
			name = "[CP] Embed Pods Frameworks";
			outputPaths = (
			);
			runOnlyForDeploymentPostprocessing = 0;
			shellPath = /bin/sh;
			shellScript = "\"${SRCROOT}/Pods/Target Support Files/Pods-OutdoorAdventure/Pods-OutdoorAdventure-frameworks.sh\"\n";
			showEnvVarsInLog = 0;
		};
		7F8349A18E12444385782174 /* [CP] Copy Pods Resources */ = {
			isa = PBXShellScriptBuildPhase;
			buildActionMask = 2147483647;
			files = (
			);
			inputPaths = (
			);
			name = "[CP] Copy Pods Resources";
			outputPaths = (
			);
			runOnlyForDeploymentPostprocessing = 0;
			shellPath = /bin/sh;
			shellScript = "\"${SRCROOT}/Pods/Target Support Files/Pods-OutdoorAdventure/Pods-OutdoorAdventure-resources.sh\"\n";
			showEnvVarsInLog = 0;
		};
		81FCCD826248C641C1D28870 /* [CP] Check Pods Manifest.lock */ = {
			isa = PBXShellScriptBuildPhase;
			buildActionMask = 2147483647;
			files = (
			);
			inputPaths = (
			);
			name = "[CP] Check Pods Manifest.lock";
			outputPaths = (
			);
			runOnlyForDeploymentPostprocessing = 0;
			shellPath = /bin/sh;
			shellScript = "diff \"${PODS_ROOT}/../Podfile.lock\" \"${PODS_ROOT}/Manifest.lock\" > /dev/null\nif [ $? != 0 ] ; then\n    # print error to STDERR\n    echo \"error: The sandbox is not in sync with the Podfile.lock. Run 'pod install' or update your CocoaPods installation.\" >&2\n    exit 1\nfi\n";
			showEnvVarsInLog = 0;
		};
/* End PBXShellScriptBuildPhase section */

/* Begin PBXSourcesBuildPhase section */
		2DA2CA7B1E22D928003F0462 /* Sources */ = {
			isa = PBXSourcesBuildPhase;
			buildActionMask = 2147483647;
			files = (
				2D723C551E7E34BA006112C1 /* CVCalendarViewPresentationMode.swift in Sources */,
				2D723C5E1E7E34BA006112C1 /* CVSet.swift in Sources */,
				2D723C501E7E34BA006112C1 /* CVCalendarViewAnimator.swift in Sources */,
				2D723C4D1E7E34BA006112C1 /* CVCalendarMonthView.swift in Sources */,
				2D723C5B1E7E34BA006112C1 /* CVRange.swift in Sources */,
				2D6025931E42B956008BFA5A /* spaceTableViewCell.swift in Sources */,
				2D723C591E7E34BA006112C1 /* CVDate.swift in Sources */,
				2D6175F01E7877820062E6A1 /* ProfileImagePickerViewController.swift in Sources */,
				2D4C8A9A1E29879C0004EE11 /* RockWallViewController.swift in Sources */,
				2D723C461E7E34BA006112C1 /* CVCalendarContentViewController.swift in Sources */,
				2D723C4C1E7E34BA006112C1 /* CVCalendarMonthContentViewController.swift in Sources */,
				2D723C4B1E7E34BA006112C1 /* CVCalendarMenuViewDelegate.swift in Sources */,
				2D01A3381E241790009E2243 /* MainViewController.swift in Sources */,
				2D723C611E7E34BA006112C1 /* CVWeekdaySymbolType.swift in Sources */,
				2D723C481E7E34BA006112C1 /* CVCalendarDayViewControlCoordinator.swift in Sources */,
				2D723C5A1E7E34BA006112C1 /* CVPresent.swift in Sources */,
				2D98D8371E35892A00E525A7 /* ImageCollectionViewCell.swift in Sources */,
				2D723C4E1E7E34BA006112C1 /* CVCalendarTouchController.swift in Sources */,
				2D723C581E7E34BA006112C1 /* CVCalendarWeekView.swift in Sources */,
				2DA2CA851E22D928003F0462 /* ViewController.swift in Sources */,
				2D4C8A9C1E298C170004EE11 /* MyGalleryViewController.swift in Sources */,
				2D723C471E7E34BA006112C1 /* CVCalendarDayView.swift in Sources */,
				2DAF7EB61E7DA51500D3CB07 /* CreateNewsViewController.swift in Sources */,
				2D723C601E7E34BA006112C1 /* CVStatus.swift in Sources */,
				2D6025891E4112C5008BFA5A /* CurrentlyClimbingViewController.swift in Sources */,
				2D525BFA1E27211E00A06B25 /* TableViewCell_NewsTableViewCell.swift in Sources */,
				2DF4E10B1E2EDD99009153EA /* routeTableViewCell.swift in Sources */,
				2D723C521E7E34BA006112C1 /* CVCalendarViewAppearance.swift in Sources */,
				2D723C531E7E34BA006112C1 /* CVCalendarViewAppearanceDelegate.swift in Sources */,
				2D6066EF1E2C2797004A93B7 /* CalendarViewController.swift in Sources */,
				2D6175F21E78D4680062E6A1 /* CreateRouteViewController.swift in Sources */,
				2D723C451E7E34BA006112C1 /* CVAuxiliaryView.swift in Sources */,
				2D723C571E7E34BA006112C1 /* CVCalendarWeekday.swift in Sources */,
				2D723C561E7E34BA006112C1 /* CVCalendarWeekContentViewController.swift in Sources */,
				2D6066F11E2C27AE004A93B7 /* InfoViewController.swift in Sources */,
				2D67EBD71E6F9B020014FC36 /* CreateProfileViewController.swift in Sources */,
				2D60258F1E418205008BFA5A /* CurrentlyClimbingCollectionViewCell.swift in Sources */,
				2D69D1611E7EFD1500559FE4 /* TimePickerViewController.swift in Sources */,
				2DF4E10D1E2EE7EB009153EA /* calendarTableViewCell.swift in Sources */,
				2D723C5C1E7E34BA006112C1 /* CVScrollDirection.swift in Sources */,
				2D723C5D1E7E34BA006112C1 /* CVSelectionType.swift in Sources */,
				2D723C541E7E34BA006112C1 /* CVCalendarViewDelegate.swift in Sources */,
				2D723C491E7E34BA006112C1 /* CVCalendarManager.swift in Sources */,
				2D723C4A1E7E34BA006112C1 /* CVCalendarMenuView.swift in Sources */,
				2D723C631E7E34BA006112C1 /* CVCalendar-dummy.m in Sources */,
				2D5116E11E5D0BE900E68AB0 /* ZoomedPhotoUIViewController.swift in Sources */,
				2D723C4F1E7E34BA006112C1 /* CVCalendarView.swift in Sources */,
				2D723C511E7E34BA006112C1 /* CVCalendarViewAnimatorDelegate.swift in Sources */,
				2D723C5F1E7E34BA006112C1 /* CVShape.swift in Sources */,
				2D66E3971E3D15E000AF7D61 /* ImageTransformer.swift in Sources */,
				2DA2CA831E22D928003F0462 /* AppDelegate.swift in Sources */,
			);
			runOnlyForDeploymentPostprocessing = 0;
		};
		2DA2CA8F1E22D928003F0462 /* Sources */ = {
			isa = PBXSourcesBuildPhase;
			buildActionMask = 2147483647;
			files = (
				2DA2CA981E22D928003F0462 /* OutdoorAdventureTests.swift in Sources */,
			);
			runOnlyForDeploymentPostprocessing = 0;
		};
		2DA2CA9A1E22D928003F0462 /* Sources */ = {
			isa = PBXSourcesBuildPhase;
			buildActionMask = 2147483647;
			files = (
				2DA2CAA31E22D928003F0462 /* OutdoorAdventureUITests.swift in Sources */,
			);
			runOnlyForDeploymentPostprocessing = 0;
		};
/* End PBXSourcesBuildPhase section */

/* Begin PBXTargetDependency section */
		2DA2CA951E22D928003F0462 /* PBXTargetDependency */ = {
			isa = PBXTargetDependency;
			target = 2DA2CA7E1E22D928003F0462 /* OutdoorAdventure */;
			targetProxy = 2DA2CA941E22D928003F0462 /* PBXContainerItemProxy */;
		};
		2DA2CAA01E22D928003F0462 /* PBXTargetDependency */ = {
			isa = PBXTargetDependency;
			target = 2DA2CA7E1E22D928003F0462 /* OutdoorAdventure */;
			targetProxy = 2DA2CA9F1E22D928003F0462 /* PBXContainerItemProxy */;
		};
/* End PBXTargetDependency section */

/* Begin PBXVariantGroup section */
		2DA2CA861E22D928003F0462 /* Main.storyboard */ = {
			isa = PBXVariantGroup;
			children = (
				2DA2CA871E22D928003F0462 /* Base */,
			);
			name = Main.storyboard;
			sourceTree = "<group>";
		};
		2DA2CA8B1E22D928003F0462 /* LaunchScreen.storyboard */ = {
			isa = PBXVariantGroup;
			children = (
				2DA2CA8C1E22D928003F0462 /* Base */,
			);
			name = LaunchScreen.storyboard;
			sourceTree = "<group>";
		};
/* End PBXVariantGroup section */

/* Begin XCBuildConfiguration section */
		2DA2CAA51E22D928003F0462 /* Debug */ = {
			isa = XCBuildConfiguration;
			buildSettings = {
				ALWAYS_SEARCH_USER_PATHS = NO;
				CLANG_ANALYZER_NONNULL = YES;
				CLANG_CXX_LANGUAGE_STANDARD = "gnu++0x";
				CLANG_CXX_LIBRARY = "libc++";
				CLANG_ENABLE_MODULES = YES;
				CLANG_ENABLE_OBJC_ARC = YES;
				CLANG_WARN_BOOL_CONVERSION = YES;
				CLANG_WARN_CONSTANT_CONVERSION = YES;
				CLANG_WARN_DIRECT_OBJC_ISA_USAGE = YES_ERROR;
				CLANG_WARN_DOCUMENTATION_COMMENTS = YES;
				CLANG_WARN_EMPTY_BODY = YES;
				CLANG_WARN_ENUM_CONVERSION = YES;
				CLANG_WARN_INFINITE_RECURSION = YES;
				CLANG_WARN_INT_CONVERSION = YES;
				CLANG_WARN_OBJC_ROOT_CLASS = YES_ERROR;
				CLANG_WARN_SUSPICIOUS_MOVE = YES;
				CLANG_WARN_UNREACHABLE_CODE = YES;
				CLANG_WARN__DUPLICATE_METHOD_MATCH = YES;
				"CODE_SIGN_IDENTITY[sdk=iphoneos*]" = "iPhone Developer";
				COPY_PHASE_STRIP = NO;
				DEBUG_INFORMATION_FORMAT = dwarf;
				ENABLE_STRICT_OBJC_MSGSEND = YES;
				ENABLE_TESTABILITY = YES;
				GCC_C_LANGUAGE_STANDARD = gnu99;
				GCC_DYNAMIC_NO_PIC = NO;
				GCC_NO_COMMON_BLOCKS = YES;
				GCC_OPTIMIZATION_LEVEL = 0;
				GCC_PREPROCESSOR_DEFINITIONS = (
					"DEBUG=1",
					"$(inherited)",
				);
				GCC_WARN_64_TO_32_BIT_CONVERSION = YES;
				GCC_WARN_ABOUT_RETURN_TYPE = YES_ERROR;
				GCC_WARN_UNDECLARED_SELECTOR = YES;
				GCC_WARN_UNINITIALIZED_AUTOS = YES_AGGRESSIVE;
				GCC_WARN_UNUSED_FUNCTION = YES;
				GCC_WARN_UNUSED_VARIABLE = YES;
				IPHONEOS_DEPLOYMENT_TARGET = 10.2;
				MTL_ENABLE_DEBUG_INFO = YES;
				ONLY_ACTIVE_ARCH = YES;
				SDKROOT = iphoneos;
				SWIFT_ACTIVE_COMPILATION_CONDITIONS = DEBUG;
				SWIFT_OPTIMIZATION_LEVEL = "-Onone";
			};
			name = Debug;
		};
		2DA2CAA61E22D928003F0462 /* Release */ = {
			isa = XCBuildConfiguration;
			buildSettings = {
				ALWAYS_SEARCH_USER_PATHS = NO;
				CLANG_ANALYZER_NONNULL = YES;
				CLANG_CXX_LANGUAGE_STANDARD = "gnu++0x";
				CLANG_CXX_LIBRARY = "libc++";
				CLANG_ENABLE_MODULES = YES;
				CLANG_ENABLE_OBJC_ARC = YES;
				CLANG_WARN_BOOL_CONVERSION = YES;
				CLANG_WARN_CONSTANT_CONVERSION = YES;
				CLANG_WARN_DIRECT_OBJC_ISA_USAGE = YES_ERROR;
				CLANG_WARN_DOCUMENTATION_COMMENTS = YES;
				CLANG_WARN_EMPTY_BODY = YES;
				CLANG_WARN_ENUM_CONVERSION = YES;
				CLANG_WARN_INFINITE_RECURSION = YES;
				CLANG_WARN_INT_CONVERSION = YES;
				CLANG_WARN_OBJC_ROOT_CLASS = YES_ERROR;
				CLANG_WARN_SUSPICIOUS_MOVE = YES;
				CLANG_WARN_UNREACHABLE_CODE = YES;
				CLANG_WARN__DUPLICATE_METHOD_MATCH = YES;
				"CODE_SIGN_IDENTITY[sdk=iphoneos*]" = "iPhone Developer";
				COPY_PHASE_STRIP = NO;
				DEBUG_INFORMATION_FORMAT = "dwarf-with-dsym";
				ENABLE_NS_ASSERTIONS = NO;
				ENABLE_STRICT_OBJC_MSGSEND = YES;
				GCC_C_LANGUAGE_STANDARD = gnu99;
				GCC_NO_COMMON_BLOCKS = YES;
				GCC_WARN_64_TO_32_BIT_CONVERSION = YES;
				GCC_WARN_ABOUT_RETURN_TYPE = YES_ERROR;
				GCC_WARN_UNDECLARED_SELECTOR = YES;
				GCC_WARN_UNINITIALIZED_AUTOS = YES_AGGRESSIVE;
				GCC_WARN_UNUSED_FUNCTION = YES;
				GCC_WARN_UNUSED_VARIABLE = YES;
				IPHONEOS_DEPLOYMENT_TARGET = 10.2;
				MTL_ENABLE_DEBUG_INFO = NO;
				SDKROOT = iphoneos;
				SWIFT_OPTIMIZATION_LEVEL = "-Owholemodule";
				VALIDATE_PRODUCT = YES;
			};
			name = Release;
		};
		2DA2CAA81E22D928003F0462 /* Debug */ = {
			isa = XCBuildConfiguration;
			baseConfigurationReference = AFC1A372EE437B1BFC8F9B4E /* Pods-OutdoorAdventure.debug.xcconfig */;
			buildSettings = {
				ASSETCATALOG_COMPILER_APPICON_NAME = AppIcon;
				INFOPLIST_FILE = OutdoorAdventure/Info.plist;
				LD_RUNPATH_SEARCH_PATHS = "$(inherited) @executable_path/Frameworks";
				PRODUCT_BUNDLE_IDENTIFIER = Ryan.OutdoorAdventure;
				PRODUCT_NAME = "$(TARGET_NAME)";
				SWIFT_VERSION = 3.0;
			};
			name = Debug;
		};
		2DA2CAA91E22D928003F0462 /* Release */ = {
			isa = XCBuildConfiguration;
			baseConfigurationReference = 2A2A09851DDB7F6C4F58E0A1 /* Pods-OutdoorAdventure.release.xcconfig */;
			buildSettings = {
				ASSETCATALOG_COMPILER_APPICON_NAME = AppIcon;
				INFOPLIST_FILE = OutdoorAdventure/Info.plist;
				LD_RUNPATH_SEARCH_PATHS = "$(inherited) @executable_path/Frameworks";
				PRODUCT_BUNDLE_IDENTIFIER = Ryan.OutdoorAdventure;
				PRODUCT_NAME = "$(TARGET_NAME)";
				SWIFT_VERSION = 3.0;
			};
			name = Release;
		};
		2DA2CAAB1E22D928003F0462 /* Debug */ = {
			isa = XCBuildConfiguration;
			buildSettings = {
				ALWAYS_EMBED_SWIFT_STANDARD_LIBRARIES = YES;
				BUNDLE_LOADER = "$(TEST_HOST)";
				INFOPLIST_FILE = OutdoorAdventureTests/Info.plist;
				LD_RUNPATH_SEARCH_PATHS = "$(inherited) @executable_path/Frameworks @loader_path/Frameworks";
				PRODUCT_BUNDLE_IDENTIFIER = Ryan.OutdoorAdventureTests;
				PRODUCT_NAME = "$(TARGET_NAME)";
				SWIFT_VERSION = 3.0;
				TEST_HOST = "$(BUILT_PRODUCTS_DIR)/OutdoorAdventure.app/OutdoorAdventure";
			};
			name = Debug;
		};
		2DA2CAAC1E22D928003F0462 /* Release */ = {
			isa = XCBuildConfiguration;
			buildSettings = {
				ALWAYS_EMBED_SWIFT_STANDARD_LIBRARIES = YES;
				BUNDLE_LOADER = "$(TEST_HOST)";
				INFOPLIST_FILE = OutdoorAdventureTests/Info.plist;
				LD_RUNPATH_SEARCH_PATHS = "$(inherited) @executable_path/Frameworks @loader_path/Frameworks";
				PRODUCT_BUNDLE_IDENTIFIER = Ryan.OutdoorAdventureTests;
				PRODUCT_NAME = "$(TARGET_NAME)";
				SWIFT_VERSION = 3.0;
				TEST_HOST = "$(BUILT_PRODUCTS_DIR)/OutdoorAdventure.app/OutdoorAdventure";
			};
			name = Release;
		};
		2DA2CAAE1E22D928003F0462 /* Debug */ = {
			isa = XCBuildConfiguration;
			buildSettings = {
				ALWAYS_EMBED_SWIFT_STANDARD_LIBRARIES = YES;
				INFOPLIST_FILE = OutdoorAdventureUITests/Info.plist;
				LD_RUNPATH_SEARCH_PATHS = "$(inherited) @executable_path/Frameworks @loader_path/Frameworks";
				PRODUCT_BUNDLE_IDENTIFIER = Ryan.OutdoorAdventureUITests;
				PRODUCT_NAME = "$(TARGET_NAME)";
				SWIFT_VERSION = 3.0;
				TEST_TARGET_NAME = OutdoorAdventure;
			};
			name = Debug;
		};
		2DA2CAAF1E22D928003F0462 /* Release */ = {
			isa = XCBuildConfiguration;
			buildSettings = {
				ALWAYS_EMBED_SWIFT_STANDARD_LIBRARIES = YES;
				INFOPLIST_FILE = OutdoorAdventureUITests/Info.plist;
				LD_RUNPATH_SEARCH_PATHS = "$(inherited) @executable_path/Frameworks @loader_path/Frameworks";
				PRODUCT_BUNDLE_IDENTIFIER = Ryan.OutdoorAdventureUITests;
				PRODUCT_NAME = "$(TARGET_NAME)";
				SWIFT_VERSION = 3.0;
				TEST_TARGET_NAME = OutdoorAdventure;
			};
			name = Release;
		};
/* End XCBuildConfiguration section */

/* Begin XCConfigurationList section */
		2DA2CA7A1E22D928003F0462 /* Build configuration list for PBXProject "OutdoorAdventure" */ = {
			isa = XCConfigurationList;
			buildConfigurations = (
				2DA2CAA51E22D928003F0462 /* Debug */,
				2DA2CAA61E22D928003F0462 /* Release */,
			);
			defaultConfigurationIsVisible = 0;
			defaultConfigurationName = Release;
		};
		2DA2CAA71E22D928003F0462 /* Build configuration list for PBXNativeTarget "OutdoorAdventure" */ = {
			isa = XCConfigurationList;
			buildConfigurations = (
				2DA2CAA81E22D928003F0462 /* Debug */,
				2DA2CAA91E22D928003F0462 /* Release */,
			);
			defaultConfigurationIsVisible = 0;
			defaultConfigurationName = Release;
		};
		2DA2CAAA1E22D928003F0462 /* Build configuration list for PBXNativeTarget "OutdoorAdventureTests" */ = {
			isa = XCConfigurationList;
			buildConfigurations = (
				2DA2CAAB1E22D928003F0462 /* Debug */,
				2DA2CAAC1E22D928003F0462 /* Release */,
			);
			defaultConfigurationIsVisible = 0;
			defaultConfigurationName = Release;
		};
		2DA2CAAD1E22D928003F0462 /* Build configuration list for PBXNativeTarget "OutdoorAdventureUITests" */ = {
			isa = XCConfigurationList;
			buildConfigurations = (
				2DA2CAAE1E22D928003F0462 /* Debug */,
				2DA2CAAF1E22D928003F0462 /* Release */,
			);
			defaultConfigurationIsVisible = 0;
			defaultConfigurationName = Release;
		};
/* End XCConfigurationList section */
	};
	rootObject = 2DA2CA771E22D928003F0462 /* Project object */;
}
